
Microsoft Visual Studio Solution File, Format Version 12.00
# Visual Studio Version 17
VisualStudioVersion = 17.4.33110.190
MinimumVisualStudioVersion = 10.0.40219.1
Project("{2150E333-8FDC-42A3-9474-1A3956D46DE8}") = "MS.Services", "MS.Services", "{EBF0719D-B508-46C9-BFD8-433693CF6A27}"
EndProject
Project("{2150E333-8FDC-42A3-9474-1A3956D46DE8}") = "MS.Services.Auth", "MS.Services.Auth", "{95B42B3D-232D-4A6D-9C40-011AAC6C6269}"
EndProject
Project("{9A19103F-16F7-4668-BE54-9A1E7A4F7556}") = "MS.Services.Auth", "MS.Services\MS.Services.Auth\MS.Services.Auth.csproj", "{69CECC9E-2DAA-4E4E-BA3D-4C33490F3BA3}"
EndProject
Project("{2150E333-8FDC-42A3-9474-1A3956D46DE8}") = "MS.Infra", "MS.Infra", "{0A81F191-80A7-4DB5-93E6-4CBD1FF186D5}"
EndProject
Project("{9A19103F-16F7-4668-BE54-9A1E7A4F7556}") = "MS.Infra.Utils", "MS.Infra\MS.Infra.Utils\MS.Infra.Utils.csproj", "{3457C604-DAF5-4C24-91F0-E7330A62D623}"
EndProject
Project("{2150E333-8FDC-42A3-9474-1A3956D46DE8}") = "MS.Core", "MS.Core", "{3400E3CA-A5BC-4A93-A274-AAD9236849EE}"
EndProject
Project("{9A19103F-16F7-4668-BE54-9A1E7A4F7556}") = "MS.Core.Domain", "MS.Core\MS.Core.Domain\MS.Core.Domain.csproj", "{1A83D7DA-DCCA-4F6B-B80D-D10796073AD0}"
EndProject
Project("{9A19103F-16F7-4668-BE54-9A1E7A4F7556}") = "MS.Infra.WebApi", "MS.Infra\MS.Infra.WebApi\MS.Infra.WebApi.csproj", "{43334CE6-2A2E-4B4A-8983-E58962A63E08}"
EndProject
Project("{FAE04EC0-301F-11D3-BF4B-00C04F79EFBC}") = "MS.Core.Application", "MS.Core\MS.Core.Application\MS.Core.Application.csproj", "{F4177A29-60C4-4B55-ADE3-F70A31EB5555}"
EndProject
Global
	GlobalSection(SolutionConfigurationPlatforms) = preSolution
		Debug|Any CPU = Debug|Any CPU
		Release|Any CPU = Release|Any CPU
	EndGlobalSection
	GlobalSection(ProjectConfigurationPlatforms) = postSolution
		{69CECC9E-2DAA-4E4E-BA3D-4C33490F3BA3}.Debug|Any CPU.ActiveCfg = Debug|Any CPU
		{69CECC9E-2DAA-4E4E-BA3D-4C33490F3BA3}.Debug|Any CPU.Build.0 = Debug|Any CPU
		{69CECC9E-2DAA-4E4E-BA3D-4C33490F3BA3}.Release|Any CPU.ActiveCfg = Release|Any CPU
		{69CECC9E-2DAA-4E4E-BA3D-4C33490F3BA3}.Release|Any CPU.Build.0 = Release|Any CPU
		{3457C604-DAF5-4C24-91F0-E7330A62D623}.Debug|Any CPU.ActiveCfg = Debug|Any CPU
		{3457C604-DAF5-4C24-91F0-E7330A62D623}.Debug|Any CPU.Build.0 = Debug|Any CPU
		{3457C604-DAF5-4C24-91F0-E7330A62D623}.Release|Any CPU.ActiveCfg = Release|Any CPU
		{3457C604-DAF5-4C24-91F0-E7330A62D623}.Release|Any CPU.Build.0 = Release|Any CPU
		{1A83D7DA-DCCA-4F6B-B80D-D10796073AD0}.Debug|Any CPU.ActiveCfg = Debug|Any CPU
		{1A83D7DA-DCCA-4F6B-B80D-D10796073AD0}.Debug|Any CPU.Build.0 = Debug|Any CPU
		{1A83D7DA-DCCA-4F6B-B80D-D10796073AD0}.Release|Any CPU.ActiveCfg = Release|Any CPU
		{1A83D7DA-DCCA-4F6B-B80D-D10796073AD0}.Release|Any CPU.Build.0 = Release|Any CPU
		{43334CE6-2A2E-4B4A-8983-E58962A63E08}.Debug|Any CPU.ActiveCfg = Debug|Any CPU
		{43334CE6-2A2E-4B4A-8983-E58962A63E08}.Debug|Any CPU.Build.0 = Debug|Any CPU
		{43334CE6-2A2E-4B4A-8983-E58962A63E08}.Release|Any CPU.ActiveCfg = Release|Any CPU
		{43334CE6-2A2E-4B4A-8983-E58962A63E08}.Release|Any CPU.Build.0 = Release|Any CPU
		{F4177A29-60C4-4B55-ADE3-F70A31EB5555}.Debug|Any CPU.ActiveCfg = Debug|Any CPU
		{F4177A29-60C4-4B55-ADE3-F70A31EB5555}.Debug|Any CPU.Build.0 = Debug|Any CPU
		{F4177A29-60C4-4B55-ADE3-F70A31EB5555}.Release|Any CPU.ActiveCfg = Release|Any CPU
		{F4177A29-60C4-4B55-ADE3-F70A31EB5555}.Release|Any CPU.Build.0 = Release|Any CPU
	EndGlobalSection
	GlobalSection(SolutionProperties) = preSolution
		HideSolutionNode = FALSE
	EndGlobalSection
	GlobalSection(NestedProjects) = preSolution
		{95B42B3D-232D-4A6D-9C40-011AAC6C6269} = {EBF0719D-B508-46C9-BFD8-433693CF6A27}
		{69CECC9E-2DAA-4E4E-BA3D-4C33490F3BA3} = {95B42B3D-232D-4A6D-9C40-011AAC6C6269}
		{3457C604-DAF5-4C24-91F0-E7330A62D623} = {0A81F191-80A7-4DB5-93E6-4CBD1FF186D5}
		{1A83D7DA-DCCA-4F6B-B80D-D10796073AD0} = {3400E3CA-A5BC-4A93-A274-AAD9236849EE}
		{43334CE6-2A2E-4B4A-8983-E58962A63E08} = {0A81F191-80A7-4DB5-93E6-4CBD1FF186D5}
		{F4177A29-60C4-4B55-ADE3-F70A31EB5555} = {3400E3CA-A5BC-4A93-A274-AAD9236849EE}
	EndGlobalSection
	GlobalSection(ExtensibilityGlobals) = postSolution
		SolutionGuid = {9C42EE04-021B-41C5-B51A-E97B2D51AA75}
	EndGlobalSection
EndGlobal
